# This file is generated by running "yarn install" inside your project.
# Manual changes might be lost - proceed with caution!

__metadata:
  version: 6
  cacheKey: 8

"@next/env@npm:13.5.4":
  version: 13.5.4
  resolution: "@next/env@npm:13.5.4"
  checksum: 95ec7108bc88a01fed5389fb33e4b9eb34937908859d9f0aa87930c660f4395d90dafe10e54830faae5bc0a1b799be544c6455a2c8054499569d1e9296369076
  languageName: node
  linkType: hard

"@next/swc-darwin-arm64@npm:13.5.4":
  version: 13.5.4
  resolution: "@next/swc-darwin-arm64@npm:13.5.4"
  conditions: os=darwin & cpu=arm64
  languageName: node
  linkType: hard

"@next/swc-darwin-x64@npm:13.5.4":
  version: 13.5.4
  resolution: "@next/swc-darwin-x64@npm:13.5.4"
  conditions: os=darwin & cpu=x64
  languageName: node
  linkType: hard

"@next/swc-linux-arm64-gnu@npm:13.5.4":
  version: 13.5.4
  resolution: "@next/swc-linux-arm64-gnu@npm:13.5.4"
  conditions: os=linux & cpu=arm64 & libc=glibc
  languageName: node
  linkType: hard

"@next/swc-linux-arm64-musl@npm:13.5.4":
  version: 13.5.4
  resolution: "@next/swc-linux-arm64-musl@npm:13.5.4"
  conditions: os=linux & cpu=arm64 & libc=musl
  languageName: node
  linkType: hard

"@next/swc-linux-x64-gnu@npm:13.5.4":
  version: 13.5.4
  resolution: "@next/swc-linux-x64-gnu@npm:13.5.4"
  conditions: os=linux & cpu=x64 & libc=glibc
  languageName: node
  linkType: hard

"@next/swc-linux-x64-musl@npm:13.5.4":
  version: 13.5.4
  resolution: "@next/swc-linux-x64-musl@npm:13.5.4"
  conditions: os=linux & cpu=x64 & libc=musl
  languageName: node
  linkType: hard

"@next/swc-win32-arm64-msvc@npm:13.5.4":
  version: 13.5.4
  resolution: "@next/swc-win32-arm64-msvc@npm:13.5.4"
  conditions: os=win32 & cpu=arm64
  languageName: node
  linkType: hard

"@next/swc-win32-ia32-msvc@npm:13.5.4":
  version: 13.5.4
  resolution: "@next/swc-win32-ia32-msvc@npm:13.5.4"
  conditions: os=win32 & cpu=ia32
  languageName: node
  linkType: hard

"@next/swc-win32-x64-msvc@npm:13.5.4":
  version: 13.5.4
  resolution: "@next/swc-win32-x64-msvc@npm:13.5.4"
  conditions: os=win32 & cpu=x64
  languageName: node
  linkType: hard

"@swc/helpers@npm:0.5.2":
  version: 0.5.2
  resolution: "@swc/helpers@npm:0.5.2"
  dependencies:
    tslib: ^2.4.0
  checksum: 51d7e3d8bd56818c49d6bfbd715f0dbeedc13cf723af41166e45c03e37f109336bbcb57a1f2020f4015957721aeb21e1a7fff281233d797ff7d3dd1f447fa258
  languageName: node
  linkType: hard

"@types/debug@npm:^4.0.0":
  version: 4.1.10
  resolution: "@types/debug@npm:4.1.10"
  dependencies:
    "@types/ms": "*"
  checksum: 938f79c5b610f851da9c67ecd8641a09b33ce9cb38fe4c9f4d20ee743d6bccb5d8e9a833a4cd23e0684a316622af67a0634fa706baea5a01f5219961d1976314
  languageName: node
  linkType: hard

"@types/hast@npm:^3.0.0":
  version: 3.0.2
  resolution: "@types/hast@npm:3.0.2"
  dependencies:
    "@types/unist": "*"
  checksum: d9fbe723e9cbb7e0b060822d78614c03210cdbf6d75123256026e2b3461b9c01f025f8c743da25d4dcfa35ac37bb9bbb5bec184a7bd2cb6655ee726fb0f6dfbe
  languageName: node
  linkType: hard

"@types/mdast@npm:^4.0.0":
  version: 4.0.2
  resolution: "@types/mdast@npm:4.0.2"
  dependencies:
    "@types/unist": "*"
  checksum: d13c161b698614d55ef6f85acedee1cab15515555e507cebb828db2fbbdec49a5db6481918e4acd5f466805024007a53106aa4f9eaed9c6be6e3b9eb4edb1730
  languageName: node
  linkType: hard

"@types/ms@npm:*":
  version: 0.7.33
  resolution: "@types/ms@npm:0.7.33"
  checksum: 2cb5af611ace05ab2ae40422c8539850cf983197982bb04b83acf59e6e692e2faccf336a82ac4db97f7ea28f2baa0a8990fa5eb1cd72c5cab17b5b3609b0b650
  languageName: node
  linkType: hard

"@types/unist@npm:*, @types/unist@npm:^3.0.0":
  version: 3.0.1
  resolution: "@types/unist@npm:3.0.1"
  checksum: 5692b9b271724d4ab6434f125350436bb35eb8ffdaeb5b762c7282870be9562f364bc49016e4b25afb442b68ad9ee042a262c093af07738af6b8a9b858335e37
  languageName: node
  linkType: hard

"@ungap/structured-clone@npm:^1.0.0":
  version: 1.2.0
  resolution: "@ungap/structured-clone@npm:1.2.0"
  checksum: 4f656b7b4672f2ce6e272f2427d8b0824ed11546a601d8d5412b9d7704e83db38a8d9f402ecdf2b9063fc164af842ad0ec4a55819f621ed7e7ea4d1efcc74524
  languageName: node
  linkType: hard

"astro-data-net@workspace:.":
  version: 0.0.0-use.local
  resolution: "astro-data-net@workspace:."
  dependencies:
    next: latest
    react: latest
    react-dom: latest
    react-markdown: ^9.0.0
    swr: ^2.2.4
  languageName: unknown
  linkType: soft

"bail@npm:^2.0.0":
  version: 2.0.2
  resolution: "bail@npm:2.0.2"
  checksum: aab4e8ccdc8d762bf3fdfce8e706601695620c0c2eda256dd85088dc0be3cfd7ff126f6e99c2bee1f24f5d418414aacf09d7f9702f16d6963df2fa488cda8824
  languageName: node
  linkType: hard

"busboy@npm:1.6.0":
  version: 1.6.0
  resolution: "busboy@npm:1.6.0"
  dependencies:
    streamsearch: ^1.1.0
  checksum: 32801e2c0164e12106bf236291a00795c3c4e4b709ae02132883fe8478ba2ae23743b11c5735a0aae8afe65ac4b6ca4568b91f0d9fed1fdbc32ede824a73746e
  languageName: node
  linkType: hard

"caniuse-lite@npm:^1.0.30001406":
  version: 1.0.30001546
  resolution: "caniuse-lite@npm:1.0.30001546"
  checksum: d3ef82f5ee94743002c5b2dd61c84342debcc94b2d5907b64ade3514ecfc4f20bbe86a6bc453fd6436d5fbcf6582e07405d7c2077565675a71c83adc238a11fa
  languageName: node
  linkType: hard

"character-entities@npm:^2.0.0":
  version: 2.0.2
  resolution: "character-entities@npm:2.0.2"
  checksum: cf1643814023697f725e47328fcec17923b8f1799102a8a79c1514e894815651794a2bffd84bb1b3a4b124b050154e4529ed6e81f7c8068a734aecf07a6d3def
  languageName: node
  linkType: hard

"client-only@npm:0.0.1, client-only@npm:^0.0.1":
  version: 0.0.1
  resolution: "client-only@npm:0.0.1"
  checksum: 0c16bf660dadb90610553c1d8946a7fdfb81d624adea073b8440b7d795d5b5b08beb3c950c6a2cf16279365a3265158a236876d92bce16423c485c322d7dfaf8
  languageName: node
  linkType: hard

"comma-separated-tokens@npm:^2.0.0":
  version: 2.0.3
  resolution: "comma-separated-tokens@npm:2.0.3"
  checksum: e3bf9e0332a5c45f49b90e79bcdb4a7a85f28d6a6f0876a94f1bb9b2bfbdbbb9292aac50e1e742d8c0db1e62a0229a106f57917e2d067fca951d81737651700d
  languageName: node
  linkType: hard

"debug@npm:^4.0.0":
  version: 4.3.4
  resolution: "debug@npm:4.3.4"
  dependencies:
    ms: 2.1.2
  peerDependenciesMeta:
    supports-color:
      optional: true
  checksum: 3dbad3f94ea64f34431a9cbf0bafb61853eda57bff2880036153438f50fb5a84f27683ba0d8e5426bf41a8c6ff03879488120cf5b3a761e77953169c0600a708
  languageName: node
  linkType: hard

"decode-named-character-reference@npm:^1.0.0":
  version: 1.0.2
  resolution: "decode-named-character-reference@npm:1.0.2"
  dependencies:
    character-entities: ^2.0.0
  checksum: f4c71d3b93105f20076052f9cb1523a22a9c796b8296cd35eef1ca54239c78d182c136a848b83ff8da2071e3ae2b1d300bf29d00650a6d6e675438cc31b11d78
  languageName: node
  linkType: hard

"dequal@npm:^2.0.0":
  version: 2.0.3
  resolution: "dequal@npm:2.0.3"
  checksum: 8679b850e1a3d0ebbc46ee780d5df7b478c23f335887464023a631d1b9af051ad4a6595a44220f9ff8ff95a8ddccf019b5ad778a976fd7bbf77383d36f412f90
  languageName: node
  linkType: hard

"devlop@npm:^1.0.0":
  version: 1.1.0
  resolution: "devlop@npm:1.1.0"
  dependencies:
    dequal: ^2.0.0
  checksum: d2ff650bac0bb6ef08c48f3ba98640bb5fec5cce81e9957eb620408d1bab1204d382a45b785c6b3314dc867bb0684936b84c6867820da6db97cbb5d3c15dd185
  languageName: node
  linkType: hard

"extend@npm:^3.0.0":
  version: 3.0.2
  resolution: "extend@npm:3.0.2"
  checksum: a50a8309ca65ea5d426382ff09f33586527882cf532931cb08ca786ea3146c0553310bda688710ff61d7668eba9f96b923fe1420cdf56a2c3eaf30fcab87b515
  languageName: node
  linkType: hard

"glob-to-regexp@npm:^0.4.1":
  version: 0.4.1
  resolution: "glob-to-regexp@npm:0.4.1"
  checksum: e795f4e8f06d2a15e86f76e4d92751cf8bbfcf0157cea5c2f0f35678a8195a750b34096b1256e436f0cebc1883b5ff0888c47348443e69546a5a87f9e1eb1167
  languageName: node
  linkType: hard

"graceful-fs@npm:^4.1.2":
  version: 4.2.11
  resolution: "graceful-fs@npm:4.2.11"
  checksum: ac85f94da92d8eb6b7f5a8b20ce65e43d66761c55ce85ac96df6865308390da45a8d3f0296dd3a663de65d30ba497bd46c696cc1e248c72b13d6d567138a4fc7
  languageName: node
  linkType: hard

"hast-util-to-jsx-runtime@npm:^2.0.0":
  version: 2.2.0
  resolution: "hast-util-to-jsx-runtime@npm:2.2.0"
  dependencies:
    "@types/hast": ^3.0.0
    "@types/unist": ^3.0.0
    comma-separated-tokens: ^2.0.0
    hast-util-whitespace: ^3.0.0
    property-information: ^6.0.0
    space-separated-tokens: ^2.0.0
    style-to-object: ^0.4.0
    unist-util-position: ^5.0.0
    vfile-message: ^4.0.0
  checksum: cc8d9029673eb9c2b7bc2355f9dee2f625ccfc897a54636d4050fc70145e32623119f79bd56d90f8f2cb381d8f1c95ddae8069a52d99f397c07ea6d9882f0666
  languageName: node
  linkType: hard

"hast-util-whitespace@npm:^3.0.0":
  version: 3.0.0
  resolution: "hast-util-whitespace@npm:3.0.0"
  dependencies:
    "@types/hast": ^3.0.0
  checksum: 41d93ccce218ba935dc3c12acdf586193c35069489c8c8f50c2aa824c00dec94a3c78b03d1db40fa75381942a189161922e4b7bca700b3a2cc779634c351a1e4
  languageName: node
  linkType: hard

"html-url-attributes@npm:^3.0.0":
  version: 3.0.0
  resolution: "html-url-attributes@npm:3.0.0"
  checksum: 9f499d33e6ddff6c2d2766fd73d2f22f3c370b4e485a92b0b2938303665b306dc7f36b2724c9466764e8f702351c01f342f5ec933be41a31c1fa40b72087b91d
  languageName: node
  linkType: hard

"inline-style-parser@npm:0.1.1":
  version: 0.1.1
  resolution: "inline-style-parser@npm:0.1.1"
  checksum: 5d545056a3e1f2bf864c928a886a0e1656a3517127d36917b973de581bd54adc91b4bf1febcb0da054f204b4934763f1a4e09308b4d55002327cf1d48ac5d966
  languageName: node
  linkType: hard

"is-plain-obj@npm:^4.0.0":
  version: 4.1.0
  resolution: "is-plain-obj@npm:4.1.0"
  checksum: 6dc45da70d04a81f35c9310971e78a6a3c7a63547ef782e3a07ee3674695081b6ca4e977fbb8efc48dae3375e0b34558d2bcd722aec9bddfa2d7db5b041be8ce
  languageName: node
  linkType: hard

"js-tokens@npm:^3.0.0 || ^4.0.0":
  version: 4.0.0
  resolution: "js-tokens@npm:4.0.0"
  checksum: 8a95213a5a77deb6cbe94d86340e8d9ace2b93bc367790b260101d2f36a2eaf4e4e22d9fa9cf459b38af3a32fb4190e638024cf82ec95ef708680e405ea7cc78
  languageName: node
  linkType: hard

"loose-envify@npm:^1.1.0":
  version: 1.4.0
  resolution: "loose-envify@npm:1.4.0"
  dependencies:
    js-tokens: ^3.0.0 || ^4.0.0
  bin:
    loose-envify: cli.js
  checksum: 6517e24e0cad87ec9888f500c5b5947032cdfe6ef65e1c1936a0c48a524b81e65542c9c3edc91c97d5bddc806ee2a985dbc79be89215d613b1de5db6d1cfe6f4
  languageName: node
  linkType: hard

"mdast-util-from-markdown@npm:^2.0.0":
  version: 2.0.0
  resolution: "mdast-util-from-markdown@npm:2.0.0"
  dependencies:
    "@types/mdast": ^4.0.0
    "@types/unist": ^3.0.0
    decode-named-character-reference: ^1.0.0
    devlop: ^1.0.0
    mdast-util-to-string: ^4.0.0
    micromark: ^4.0.0
    micromark-util-decode-numeric-character-reference: ^2.0.0
    micromark-util-decode-string: ^2.0.0
    micromark-util-normalize-identifier: ^2.0.0
    micromark-util-symbol: ^2.0.0
    micromark-util-types: ^2.0.0
    unist-util-stringify-position: ^4.0.0
  checksum: 4e8d8a46b4b588486c41b80c39da333a91593bc8d60cd7421c6cd3c22003b8e5a62478292fb7bc97b9255b6301a2250cca32340ef43c309156e215453c5b92be
  languageName: node
  linkType: hard

"mdast-util-to-hast@npm:^13.0.0":
  version: 13.0.2
  resolution: "mdast-util-to-hast@npm:13.0.2"
  dependencies:
    "@types/hast": ^3.0.0
    "@types/mdast": ^4.0.0
    "@ungap/structured-clone": ^1.0.0
    devlop: ^1.0.0
    micromark-util-sanitize-uri: ^2.0.0
    trim-lines: ^3.0.0
    unist-util-position: ^5.0.0
    unist-util-visit: ^5.0.0
  checksum: 8fef6c3752476461d9c00b1dea4f141bc7d980e1b3bac7bd965bc68f532b6d30fb1c9e810433327c167176e68e071b8f4ab5a45355954857dc095c878421f35e
  languageName: node
  linkType: hard

"mdast-util-to-string@npm:^4.0.0":
  version: 4.0.0
  resolution: "mdast-util-to-string@npm:4.0.0"
  dependencies:
    "@types/mdast": ^4.0.0
  checksum: 35489fb5710d58cbc2d6c8b6547df161a3f81e0f28f320dfb3548a9393555daf07c310c0c497708e67ed4dfea4a06e5655799e7d631ca91420c288b4525d6c29
  languageName: node
  linkType: hard

"micromark-core-commonmark@npm:^2.0.0":
  version: 2.0.0
  resolution: "micromark-core-commonmark@npm:2.0.0"
  dependencies:
    decode-named-character-reference: ^1.0.0
    devlop: ^1.0.0
    micromark-factory-destination: ^2.0.0
    micromark-factory-label: ^2.0.0
    micromark-factory-space: ^2.0.0
    micromark-factory-title: ^2.0.0
    micromark-factory-whitespace: ^2.0.0
    micromark-util-character: ^2.0.0
    micromark-util-chunked: ^2.0.0
    micromark-util-classify-character: ^2.0.0
    micromark-util-html-tag-name: ^2.0.0
    micromark-util-normalize-identifier: ^2.0.0
    micromark-util-resolve-all: ^2.0.0
    micromark-util-subtokenize: ^2.0.0
    micromark-util-symbol: ^2.0.0
    micromark-util-types: ^2.0.0
  checksum: 9c12fb580cf4ce71f60872043bd2794efe129f44d7b2b73afa155bbc0a66b7bc35655ba8cef438a6bd068441837ed3b6dc6ad7e5a18f815462c1750793e03a42
  languageName: node
  linkType: hard

"micromark-factory-destination@npm:^2.0.0":
  version: 2.0.0
  resolution: "micromark-factory-destination@npm:2.0.0"
  dependencies:
    micromark-util-character: ^2.0.0
    micromark-util-symbol: ^2.0.0
    micromark-util-types: ^2.0.0
  checksum: d36e65ed1c072ff4148b016783148ba7c68a078991154625723e24bda3945160268fb91079fb28618e1613c2b6e70390a8ddc544c45410288aa27b413593071a
  languageName: node
  linkType: hard

"micromark-factory-label@npm:^2.0.0":
  version: 2.0.0
  resolution: "micromark-factory-label@npm:2.0.0"
  dependencies:
    devlop: ^1.0.0
    micromark-util-character: ^2.0.0
    micromark-util-symbol: ^2.0.0
    micromark-util-types: ^2.0.0
  checksum: c021dbd0ed367610d35f2bae21209bc804d1a6d1286ffce458fd6a717f4d7fe581a7cba7d5c2d7a63757c44eb927c80d6a571d6ea7969fae1b48ab6461d109c4
  languageName: node
  linkType: hard

"micromark-factory-space@npm:^2.0.0":
  version: 2.0.0
  resolution: "micromark-factory-space@npm:2.0.0"
  dependencies:
    micromark-util-character: ^2.0.0
    micromark-util-types: ^2.0.0
  checksum: 4ffdcdc2f759887bbb356500cb460b3915ecddcb5d85c3618d7df68ad05d13ed02b1153ee1845677b7d8126df8f388288b84fcf0d943bd9c92bcc71cd7222e37
  languageName: node
  linkType: hard

"micromark-factory-title@npm:^2.0.0":
  version: 2.0.0
  resolution: "micromark-factory-title@npm:2.0.0"
  dependencies:
    micromark-factory-space: ^2.0.0
    micromark-util-character: ^2.0.0
    micromark-util-symbol: ^2.0.0
    micromark-util-types: ^2.0.0
  checksum: 39e1ac23af3554e6e652e56065579bc7faf21ade7b8704b29c175871b4152b7109b790bb3cae0f7e088381139c6bac9553b8400772c3d322e4fa635f813a3578
  languageName: node
  linkType: hard

"micromark-factory-whitespace@npm:^2.0.0":
  version: 2.0.0
  resolution: "micromark-factory-whitespace@npm:2.0.0"
  dependencies:
    micromark-factory-space: ^2.0.0
    micromark-util-character: ^2.0.0
    micromark-util-symbol: ^2.0.0
    micromark-util-types: ^2.0.0
  checksum: 9587c2546d1a58b4d5472b42adf05463f6212d0449455285662d63cd8eaed89c6b159ac82713fcee5f9dd88628c24307d9533cccd8971a2f3f4d48702f8f850a
  languageName: node
  linkType: hard

"micromark-util-character@npm:^2.0.0":
  version: 2.0.1
  resolution: "micromark-util-character@npm:2.0.1"
  dependencies:
    micromark-util-symbol: ^2.0.0
    micromark-util-types: ^2.0.0
  checksum: 318d6e16fdcbe9d89e18b8e7796568d986abbb10a9f3037b7ac9b92a236bcc962f3cd380e26a7c49df40fd1d9ca33eb546268956345b662f4c4ca4962c7695f2
  languageName: node
  linkType: hard

"micromark-util-chunked@npm:^2.0.0":
  version: 2.0.0
  resolution: "micromark-util-chunked@npm:2.0.0"
  dependencies:
    micromark-util-symbol: ^2.0.0
  checksum: 324f95cccdae061332a8241936eaba6ef0782a1e355bac5c607ad2564fd3744929be7dc81651315a2921535747a33243e6a5606bcb64b7a56d49b6d74ea1a3d4
  languageName: node
  linkType: hard

"micromark-util-classify-character@npm:^2.0.0":
  version: 2.0.0
  resolution: "micromark-util-classify-character@npm:2.0.0"
  dependencies:
    micromark-util-character: ^2.0.0
    micromark-util-symbol: ^2.0.0
    micromark-util-types: ^2.0.0
  checksum: 086e52904deffebb793fb1c08c94aabb8901f76958142dfc3a6282890ebaa983b285e69bd602b9d507f1b758ed38e75a994d2ad9fbbefa7de2584f67a16af405
  languageName: node
  linkType: hard

"micromark-util-combine-extensions@npm:^2.0.0":
  version: 2.0.0
  resolution: "micromark-util-combine-extensions@npm:2.0.0"
  dependencies:
    micromark-util-chunked: ^2.0.0
    micromark-util-types: ^2.0.0
  checksum: 107c47700343f365b4ed81551e18bc3458b573c500e56ac052b2490bd548adc475216e41d2271633a8867fac66fc22ba3e0a2d74a31ed79b9870ca947eb4e3ba
  languageName: node
  linkType: hard

"micromark-util-decode-numeric-character-reference@npm:^2.0.0":
  version: 2.0.0
  resolution: "micromark-util-decode-numeric-character-reference@npm:2.0.0"
  dependencies:
    micromark-util-symbol: ^2.0.0
  checksum: 705715a2dd6f10d85c69371b4176a0b2fec5811a14f7d26f66f358ac5adebb12975f79597b1a1a184a6dcf6799319f7cf8eb91398e47c1faa2cab2c84f155b78
  languageName: node
  linkType: hard

"micromark-util-decode-string@npm:^2.0.0":
  version: 2.0.0
  resolution: "micromark-util-decode-string@npm:2.0.0"
  dependencies:
    decode-named-character-reference: ^1.0.0
    micromark-util-character: ^2.0.0
    micromark-util-decode-numeric-character-reference: ^2.0.0
    micromark-util-symbol: ^2.0.0
  checksum: a75daf32a4a6b549e9f19b4d833ebfeb09a32a9a1f9ce50f35dec6b6a3e4f9f121f49024ba7f9c91c55ebe792f7c7a332fc9604795181b6a612637df0df5b959
  languageName: node
  linkType: hard

"micromark-util-encode@npm:^2.0.0":
  version: 2.0.0
  resolution: "micromark-util-encode@npm:2.0.0"
  checksum: 853a3f33fce72aaf4ffa60b7f2b6fcfca40b270b3466e1b96561b02185d2bd8c01dd7948bc31a24ac014f4cc854e545ca9a8e9cf7ea46262f9d24c9e88551c66
  languageName: node
  linkType: hard

"micromark-util-html-tag-name@npm:^2.0.0":
  version: 2.0.0
  resolution: "micromark-util-html-tag-name@npm:2.0.0"
  checksum: d786d4486f93eb0ac5b628779809ca97c5dc60f3c9fc03eb565809831db181cf8cb7f05f9ac76852f3eb35461af0f89fa407b46f3a03f4f97a96754d8dc540d8
  languageName: node
  linkType: hard

"micromark-util-normalize-identifier@npm:^2.0.0":
  version: 2.0.0
  resolution: "micromark-util-normalize-identifier@npm:2.0.0"
  dependencies:
    micromark-util-symbol: ^2.0.0
  checksum: b36da2d3fd102053dadd953ce5c558328df12a63a8ac0e5aad13d4dda8e43b6a5d4a661baafe0a1cd8a260bead4b4a8e6e0e74193dd651e8484225bd4f4e68aa
  languageName: node
  linkType: hard

"micromark-util-resolve-all@npm:^2.0.0":
  version: 2.0.0
  resolution: "micromark-util-resolve-all@npm:2.0.0"
  dependencies:
    micromark-util-types: ^2.0.0
  checksum: 31fe703b85572cb3f598ebe32750e59516925c7ff1f66cfe6afaebe0771a395a9eaa770787f2523d3c46082ea80e6c14f83643303740b3d650af7c96ebd30ccc
  languageName: node
  linkType: hard

"micromark-util-sanitize-uri@npm:^2.0.0":
  version: 2.0.0
  resolution: "micromark-util-sanitize-uri@npm:2.0.0"
  dependencies:
    micromark-util-character: ^2.0.0
    micromark-util-encode: ^2.0.0
    micromark-util-symbol: ^2.0.0
  checksum: ea4c28bbffcf2430e9aff2d18554296789a8b0a1f54ac24020d1dde76624a7f93e8f2a83e88cd5a846b6d2c4287b71b1142d1b89fa7f1b0363a9b33711a141fe
  languageName: node
  linkType: hard

"micromark-util-subtokenize@npm:^2.0.0":
  version: 2.0.0
  resolution: "micromark-util-subtokenize@npm:2.0.0"
  dependencies:
    devlop: ^1.0.0
    micromark-util-chunked: ^2.0.0
    micromark-util-symbol: ^2.0.0
    micromark-util-types: ^2.0.0
  checksum: 77d9c7d59c05a20468d49ce2a3640e9cb268c083ccad02322f26c84e1094c25b44f4b8139ef0a247ca11a4fef7620c5bf82fbffd98acdb2989e79cbe7bd8f1db
  languageName: node
  linkType: hard

"micromark-util-symbol@npm:^2.0.0":
  version: 2.0.0
  resolution: "micromark-util-symbol@npm:2.0.0"
  checksum: fa4a05bff575d9fbf0ad96a1013003e3bb6087ed6b34b609a141b6c0d2137b57df594aca409a95f4c5fda199f227b56a7d8b1f82cea0768df161d8a3a3660764
  languageName: node
  linkType: hard

"micromark-util-types@npm:^2.0.0":
  version: 2.0.0
  resolution: "micromark-util-types@npm:2.0.0"
  checksum: 819fef3ab5770c37893d2a60381fb2694396c8d22803b6e103c830c3a1bc1490363c2b0470bb2acaaddad776dfbc2fc1fcfde39cb63c4f54d95121611672e3d0
  languageName: node
  linkType: hard

"micromark@npm:^4.0.0":
  version: 4.0.0
  resolution: "micromark@npm:4.0.0"
  dependencies:
    "@types/debug": ^4.0.0
    debug: ^4.0.0
    decode-named-character-reference: ^1.0.0
    devlop: ^1.0.0
    micromark-core-commonmark: ^2.0.0
    micromark-factory-space: ^2.0.0
    micromark-util-character: ^2.0.0
    micromark-util-chunked: ^2.0.0
    micromark-util-combine-extensions: ^2.0.0
    micromark-util-decode-numeric-character-reference: ^2.0.0
    micromark-util-encode: ^2.0.0
    micromark-util-normalize-identifier: ^2.0.0
    micromark-util-resolve-all: ^2.0.0
    micromark-util-sanitize-uri: ^2.0.0
    micromark-util-subtokenize: ^2.0.0
    micromark-util-symbol: ^2.0.0
    micromark-util-types: ^2.0.0
  checksum: b84ab5ab1a0b28c063c52e9c2c9d7d44b954507235c10c9492d66e0b38f7de24bf298f914a1fbdf109f2a57a88cf0412de217c84cfac5fd60e3e42a74dbac085
  languageName: node
  linkType: hard

"ms@npm:2.1.2":
  version: 2.1.2
  resolution: "ms@npm:2.1.2"
  checksum: 673cdb2c3133eb050c745908d8ce632ed2c02d85640e2edb3ace856a2266a813b30c613569bf3354fdf4ea7d1a1494add3bfa95e2713baa27d0c2c71fc44f58f
  languageName: node
  linkType: hard

"nanoid@npm:^3.3.6":
  version: 3.3.6
  resolution: "nanoid@npm:3.3.6"
  bin:
    nanoid: bin/nanoid.cjs
  checksum: 7d0eda657002738aa5206107bd0580aead6c95c460ef1bdd0b1a87a9c7ae6277ac2e9b945306aaa5b32c6dcb7feaf462d0f552e7f8b5718abfc6ead5c94a71b3
  languageName: node
  linkType: hard

"next@npm:latest":
  version: 13.5.4
  resolution: "next@npm:13.5.4"
  dependencies:
    "@next/env": 13.5.4
    "@next/swc-darwin-arm64": 13.5.4
    "@next/swc-darwin-x64": 13.5.4
    "@next/swc-linux-arm64-gnu": 13.5.4
    "@next/swc-linux-arm64-musl": 13.5.4
    "@next/swc-linux-x64-gnu": 13.5.4
    "@next/swc-linux-x64-musl": 13.5.4
    "@next/swc-win32-arm64-msvc": 13.5.4
    "@next/swc-win32-ia32-msvc": 13.5.4
    "@next/swc-win32-x64-msvc": 13.5.4
    "@swc/helpers": 0.5.2
    busboy: 1.6.0
    caniuse-lite: ^1.0.30001406
    postcss: 8.4.31
    styled-jsx: 5.1.1
    watchpack: 2.4.0
  peerDependencies:
    "@opentelemetry/api": ^1.1.0
    react: ^18.2.0
    react-dom: ^18.2.0
    sass: ^1.3.0
  dependenciesMeta:
    "@next/swc-darwin-arm64":
      optional: true
    "@next/swc-darwin-x64":
      optional: true
    "@next/swc-linux-arm64-gnu":
      optional: true
    "@next/swc-linux-arm64-musl":
      optional: true
    "@next/swc-linux-x64-gnu":
      optional: true
    "@next/swc-linux-x64-musl":
      optional: true
    "@next/swc-win32-arm64-msvc":
      optional: true
    "@next/swc-win32-ia32-msvc":
      optional: true
    "@next/swc-win32-x64-msvc":
      optional: true
  peerDependenciesMeta:
    "@opentelemetry/api":
      optional: true
    sass:
      optional: true
  bin:
    next: dist/bin/next
  checksum: f8e964ee9bbabd0303f9d807c9193833fcc47960be029c3721db9a5a35cc4ff690313e30fc6ee497f959a9141048957dddf6eb038b4a23c78c8762b0cd9d0ae0
  languageName: node
  linkType: hard

"picocolors@npm:^1.0.0":
  version: 1.0.0
  resolution: "picocolors@npm:1.0.0"
  checksum: a2e8092dd86c8396bdba9f2b5481032848525b3dc295ce9b57896f931e63fc16f79805144321f72976383fc249584672a75cc18d6777c6b757603f372f745981
  languageName: node
  linkType: hard

"postcss@npm:8.4.31":
  version: 8.4.31
  resolution: "postcss@npm:8.4.31"
  dependencies:
    nanoid: ^3.3.6
    picocolors: ^1.0.0
    source-map-js: ^1.0.2
  checksum: 1d8611341b073143ad90486fcdfeab49edd243377b1f51834dc4f6d028e82ce5190e4f11bb2633276864503654fb7cab28e67abdc0fbf9d1f88cad4a0ff0beea
  languageName: node
  linkType: hard

"property-information@npm:^6.0.0":
  version: 6.3.0
  resolution: "property-information@npm:6.3.0"
  checksum: bf0a15dec097fd4324a42163cabd96b90819e48ef0d8d98756ef0420b2c579bf33646fe0b6e04aa9e79f5a2b5b5860ef11655a79cd8969d8eda58df23c4f96c9
  languageName: node
  linkType: hard

"react-dom@npm:latest":
  version: 18.2.0
  resolution: "react-dom@npm:18.2.0"
  dependencies:
    loose-envify: ^1.1.0
    scheduler: ^0.23.0
  peerDependencies:
    react: ^18.2.0
  checksum: 7d323310bea3a91be2965f9468d552f201b1c27891e45ddc2d6b8f717680c95a75ae0bc1e3f5cf41472446a2589a75aed4483aee8169287909fcd59ad149e8cc
  languageName: node
  linkType: hard

"react-markdown@npm:^9.0.0":
  version: 9.0.0
  resolution: "react-markdown@npm:9.0.0"
  dependencies:
    "@types/hast": ^3.0.0
    devlop: ^1.0.0
    hast-util-to-jsx-runtime: ^2.0.0
    html-url-attributes: ^3.0.0
    mdast-util-to-hast: ^13.0.0
    micromark-util-sanitize-uri: ^2.0.0
    remark-parse: ^11.0.0
    remark-rehype: ^11.0.0
    unified: ^11.0.0
    unist-util-visit: ^5.0.0
    vfile: ^6.0.0
  peerDependencies:
    "@types/react": ">=18"
    react: ">=18"
  checksum: 7057f60f0657d5c6210f02a2c80d537176d0d29c141e4b52a8f8fa335ee454248c37c29caf27e8bd28a180bc8e14b5522f63e2a61e3ec3ea5201a58ad43f43c6
  languageName: node
  linkType: hard

"react@npm:latest":
  version: 18.2.0
  resolution: "react@npm:18.2.0"
  dependencies:
    loose-envify: ^1.1.0
  checksum: 88e38092da8839b830cda6feef2e8505dec8ace60579e46aa5490fc3dc9bba0bd50336507dc166f43e3afc1c42939c09fe33b25fae889d6f402721dcd78fca1b
  languageName: node
  linkType: hard

"remark-parse@npm:^11.0.0":
  version: 11.0.0
  resolution: "remark-parse@npm:11.0.0"
  dependencies:
    "@types/mdast": ^4.0.0
    mdast-util-from-markdown: ^2.0.0
    micromark-util-types: ^2.0.0
    unified: ^11.0.0
  checksum: d83d245290fa84bb04fb3e78111f09c74f7417e7c012a64dd8dc04fccc3699036d828fbd8eeec8944f774b6c30cc1d925c98f8c46495ebcee7c595496342ab7f
  languageName: node
  linkType: hard

"remark-rehype@npm:^11.0.0":
  version: 11.0.0
  resolution: "remark-rehype@npm:11.0.0"
  dependencies:
    "@types/hast": ^3.0.0
    "@types/mdast": ^4.0.0
    mdast-util-to-hast: ^13.0.0
    unified: ^11.0.0
    vfile: ^6.0.0
  checksum: 0ff0fd948759cbde9d507ca1581028d0b89da0b5f610b35a6cb0a511f8d11621449b6eca573b11ddaea77afd37edd4755f3f1eb086ad49a6f7b970b4a4634e13
  languageName: node
  linkType: hard

"scheduler@npm:^0.23.0":
  version: 0.23.0
  resolution: "scheduler@npm:0.23.0"
  dependencies:
    loose-envify: ^1.1.0
  checksum: d79192eeaa12abef860c195ea45d37cbf2bbf5f66e3c4dcd16f54a7da53b17788a70d109ee3d3dde1a0fd50e6a8fc171f4300356c5aee4fc0171de526bf35f8a
  languageName: node
  linkType: hard

"source-map-js@npm:^1.0.2":
  version: 1.0.2
  resolution: "source-map-js@npm:1.0.2"
  checksum: c049a7fc4deb9a7e9b481ae3d424cc793cb4845daa690bc5a05d428bf41bf231ced49b4cf0c9e77f9d42fdb3d20d6187619fc586605f5eabe995a316da8d377c
  languageName: node
  linkType: hard

"space-separated-tokens@npm:^2.0.0":
  version: 2.0.2
  resolution: "space-separated-tokens@npm:2.0.2"
  checksum: 202e97d7ca1ba0758a0aa4fe226ff98142073bcceeff2da3aad037968878552c3bbce3b3231970025375bbba5aee00c5b8206eda408da837ab2dc9c0f26be990
  languageName: node
  linkType: hard

"streamsearch@npm:^1.1.0":
  version: 1.1.0
  resolution: "streamsearch@npm:1.1.0"
  checksum: 1cce16cea8405d7a233d32ca5e00a00169cc0e19fbc02aa839959985f267335d435c07f96e5e0edd0eadc6d39c98d5435fb5bbbdefc62c41834eadc5622ad942
  languageName: node
  linkType: hard

"style-to-object@npm:^0.4.0":
  version: 0.4.4
  resolution: "style-to-object@npm:0.4.4"
  dependencies:
    inline-style-parser: 0.1.1
  checksum: 41656c06f93ac0a7ac260ebc2f9d09a8bd74b8ec1836f358cc58e169235835a3a356977891d2ebbd76f0e08a53616929069199f9cce543214d3dc98346e19c9a
  languageName: node
  linkType: hard

"styled-jsx@npm:5.1.1":
  version: 5.1.1
  resolution: "styled-jsx@npm:5.1.1"
  dependencies:
    client-only: 0.0.1
  peerDependencies:
    react: ">= 16.8.0 || 17.x.x || ^18.0.0-0"
  peerDependenciesMeta:
    "@babel/core":
      optional: true
    babel-plugin-macros:
      optional: true
  checksum: 523a33b38603492547e861b98e29c873939b04e15fbe5ef16132c6f1e15958126647983c7d4675325038b428a5e91183d996e90141b18bdd1bbadf6e2c45b2fa
  languageName: node
  linkType: hard

"swr@npm:^2.2.4":
  version: 2.2.4
  resolution: "swr@npm:2.2.4"
  dependencies:
    client-only: ^0.0.1
    use-sync-external-store: ^1.2.0
  peerDependencies:
    react: ^16.11.0 || ^17.0.0 || ^18.0.0
  checksum: d1398f89fd68af0e0cb6100a5769b1e17c0dbe8a778898643ad28456acda64add43344754c7d919e3f2ca82854adf86ff7d465aba25a2d555bcb669e457138f8
  languageName: node
  linkType: hard

"trim-lines@npm:^3.0.0":
  version: 3.0.1
  resolution: "trim-lines@npm:3.0.1"
  checksum: e241da104682a0e0d807222cc1496b92e716af4db7a002f4aeff33ae6a0024fef93165d49eab11aa07c71e1347c42d46563f91dfaa4d3fb945aa535cdead53ed
  languageName: node
  linkType: hard

"trough@npm:^2.0.0":
  version: 2.1.0
  resolution: "trough@npm:2.1.0"
  checksum: a577bb561c2b401cc0e1d9e188fcfcdf63b09b151ff56a668da12197fe97cac15e3d77d5b51f426ccfd94255744a9118e9e9935afe81a3644fa1be9783c82886
  languageName: node
  linkType: hard

"tslib@npm:^2.4.0":
  version: 2.6.2
  resolution: "tslib@npm:2.6.2"
  checksum: 329ea56123005922f39642318e3d1f0f8265d1e7fcb92c633e0809521da75eeaca28d2cf96d7248229deb40e5c19adf408259f4b9640afd20d13aecc1430f3ad
  languageName: node
  linkType: hard

"unified@npm:^11.0.0":
  version: 11.0.3
  resolution: "unified@npm:11.0.3"
  dependencies:
    "@types/unist": ^3.0.0
    bail: ^2.0.0
    devlop: ^1.0.0
    extend: ^3.0.0
    is-plain-obj: ^4.0.0
    trough: ^2.0.0
    vfile: ^6.0.0
  checksum: 402d6b397b98f8966993faca0e1480f5f1825cc44df6a5236b75ab099f14b10ed808e578155c3f535e60676c12ee3f52346ca08d64343a72181d7a6b4d32011d
  languageName: node
  linkType: hard

"unist-util-is@npm:^6.0.0":
  version: 6.0.0
  resolution: "unist-util-is@npm:6.0.0"
  dependencies:
    "@types/unist": ^3.0.0
  checksum: f630a925126594af9993b091cf807b86811371e465b5049a6283e08537d3e6ba0f7e248e1e7dab52cfe33f9002606acef093441137181b327f6fe504884b20e2
  languageName: node
  linkType: hard

"unist-util-position@npm:^5.0.0":
  version: 5.0.0
  resolution: "unist-util-position@npm:5.0.0"
  dependencies:
    "@types/unist": ^3.0.0
  checksum: f89b27989b19f07878de9579cd8db2aa0194c8360db69e2c99bd2124a480d79c08f04b73a64daf01a8fb3af7cba65ff4b45a0b978ca243226084ad5f5d441dde
  languageName: node
  linkType: hard

"unist-util-stringify-position@npm:^4.0.0":
  version: 4.0.0
  resolution: "unist-util-stringify-position@npm:4.0.0"
  dependencies:
    "@types/unist": ^3.0.0
  checksum: e2e7aee4b92ddb64d314b4ac89eef7a46e4c829cbd3ee4aee516d100772b490eb6b4974f653ba0717a0071ca6ea0770bf22b0a2ea62c65fcba1d071285e96324
  languageName: node
  linkType: hard

"unist-util-visit-parents@npm:^6.0.0":
  version: 6.0.1
  resolution: "unist-util-visit-parents@npm:6.0.1"
  dependencies:
    "@types/unist": ^3.0.0
    unist-util-is: ^6.0.0
  checksum: 08927647c579f63b91aafcbec9966dc4a7d0af1e5e26fc69f4e3e6a01215084835a2321b06f3cbe7bf7914a852830fc1439f0fc3d7153d8804ac3ef851ddfa20
  languageName: node
  linkType: hard

"unist-util-visit@npm:^5.0.0":
  version: 5.0.0
  resolution: "unist-util-visit@npm:5.0.0"
  dependencies:
    "@types/unist": ^3.0.0
    unist-util-is: ^6.0.0
    unist-util-visit-parents: ^6.0.0
  checksum: 9ec42e618e7e5d0202f3c191cd30791b51641285732767ee2e6bcd035931032e3c1b29093f4d7fd0c79175bbc1f26f24f26ee49770d32be76f8730a652a857e6
  languageName: node
  linkType: hard

"use-sync-external-store@npm:^1.2.0":
  version: 1.2.0
  resolution: "use-sync-external-store@npm:1.2.0"
  peerDependencies:
    react: ^16.8.0 || ^17.0.0 || ^18.0.0
  checksum: 5c639e0f8da3521d605f59ce5be9e094ca772bd44a4ce7322b055a6f58eeed8dda3c94cabd90c7a41fb6fa852210092008afe48f7038792fd47501f33299116a
  languageName: node
  linkType: hard

"vfile-message@npm:^4.0.0":
  version: 4.0.2
  resolution: "vfile-message@npm:4.0.2"
  dependencies:
    "@types/unist": ^3.0.0
    unist-util-stringify-position: ^4.0.0
  checksum: 964e7e119f4c0e0270fc269119c41c96da20afa01acb7c9809a88365c8e0c64aa692fafbd952669382b978002ecd7ad31ef4446d85e8a22cdb62f6df20186c2d
  languageName: node
  linkType: hard

"vfile@npm:^6.0.0":
  version: 6.0.1
  resolution: "vfile@npm:6.0.1"
  dependencies:
    "@types/unist": ^3.0.0
    unist-util-stringify-position: ^4.0.0
    vfile-message: ^4.0.0
  checksum: 05ccee73aeb00402bc8a5d0708af299e9f4a33f5132805449099295085e3ca3b0d018328bad9ff44cf2e6f4cd364f1d558d3fb9b394243a25b2739207edcb0ed
  languageName: node
  linkType: hard

"watchpack@npm:2.4.0":
  version: 2.4.0
  resolution: "watchpack@npm:2.4.0"
  dependencies:
    glob-to-regexp: ^0.4.1
    graceful-fs: ^4.1.2
  checksum: 23d4bc58634dbe13b86093e01c6a68d8096028b664ab7139d58f0c37d962d549a940e98f2f201cecdabd6f9c340338dc73ef8bf094a2249ef582f35183d1a131
  languageName: node
  linkType: hard
